
Microsoft Visual Studio Solution File, Format Version 12.00
# Visual Studio Version 16
VisualStudioVersion = 16.0.30320.27
MinimumVisualStudioVersion = 10.0.40219.1
Project("{FAE04EC0-301F-11D3-BF4B-00C04F79EFBC}") = "PromedioEstudiantes", "PromedioEstudiantes\PromedioEstudiantes.csproj", "{CA270FC5-060B-4A9B-B086-20E71E3DA5D1}"
EndProject
Global
	GlobalSection(SolutionConfigurationPlatforms) = preSolution
		Debug|Any CPU = Debug|Any CPU
		Release|Any CPU = Release|Any CPU
	EndGlobalSection
	GlobalSection(ProjectConfigurationPlatforms) = postSolution
		{CA270FC5-060B-4A9B-B086-20E71E3DA5D1}.Debug|Any CPU.ActiveCfg = Debug|Any CPU
		{CA270FC5-060B-4A9B-B086-20E71E3DA5D1}.Debug|Any CPU.Build.0 = Debug|Any CPU
		{CA270FC5-060B-4A9B-B086-20E71E3DA5D1}.Release|Any CPU.ActiveCfg = Release|Any CPU
		{CA270FC5-060B-4A9B-B086-20E71E3DA5D1}.Release|Any CPU.Build.0 = Release|Any CPU
	EndGlobalSection
	GlobalSection(SolutionProperties) = preSolution
		HideSolutionNode = FALSE
	EndGlobalSection
	GlobalSection(ExtensibilityGlobals) = postSolution
		SolutionGuid = {4C757622-32C8-4928-91EF-DCAF3258A844}
	EndGlobalSection
EndGlobal
